// !$*UTF8*$!
{
	archiveVersion = 1;
	classes = {
	};
	objectVersion = 46;
	objects = {

/* Begin PBXBuildFile section */
		229C04E019B8A2E900F7E315 /* AppDelegate.swift in Sources */ = {isa = PBXBuildFile; fileRef = 229C04DF19B8A2E900F7E315 /* AppDelegate.swift */; };
		229C04E219B8A2E900F7E315 /* ViewController.swift in Sources */ = {isa = PBXBuildFile; fileRef = 229C04E119B8A2E900F7E315 /* ViewController.swift */; };
		229C04E519B8A2E900F7E315 /* Main.storyboard in Resources */ = {isa = PBXBuildFile; fileRef = 229C04E319B8A2E900F7E315 /* Main.storyboard */; };
		229C04E719B8A2E900F7E315 /* Images.xcassets in Resources */ = {isa = PBXBuildFile; fileRef = 229C04E619B8A2E900F7E315 /* Images.xcassets */; };
		229C04F319B8A2E900F7E315 /* ConnectionTestTests.swift in Sources */ = {isa = PBXBuildFile; fileRef = 229C04F219B8A2E900F7E315 /* ConnectionTestTests.swift */; };
		229C04FF19B8A61800F7E315 /* Connection.swift in Sources */ = {isa = PBXBuildFile; fileRef = 229C04FE19B8A61800F7E315 /* Connection.swift */; };
/* End PBXBuildFile section */

/* Begin PBXContainerItemProxy section */
		229C04ED19B8A2E900F7E315 /* PBXContainerItemProxy */ = {
			isa = PBXContainerItemProxy;
			containerPortal = 229C04D219B8A2E900F7E315 /* Project object */;
			proxyType = 1;
			remoteGlobalIDString = 229C04D919B8A2E900F7E315;
			remoteInfo = ConnectionTest;
		};
/* End PBXContainerItemProxy section */

/* Begin PBXFileReference section */
		229C04DA19B8A2E900F7E315 /* ConnectionTest.app */ = {isa = PBXFileReference; explicitFileType = wrapper.application; includeInIndex = 0; path = ConnectionTest.app; sourceTree = BUILT_PRODUCTS_DIR; };
		229C04DE19B8A2E900F7E315 /* Info.plist */ = {isa = PBXFileReference; lastKnownFileType = text.plist.xml; path = Info.plist; sourceTree = "<group>"; };
		229C04DF19B8A2E900F7E315 /* AppDelegate.swift */ = {isa = PBXFileReference; lastKnownFileType = sourcecode.swift; path = AppDelegate.swift; sourceTree = "<group>"; };
		229C04E119B8A2E900F7E315 /* ViewController.swift */ = {isa = PBXFileReference; lastKnownFileType = sourcecode.swift; path = ViewController.swift; sourceTree = "<group>"; };
		229C04E419B8A2E900F7E315 /* Base */ = {isa = PBXFileReference; lastKnownFileType = file.storyboard; name = Base; path = Base.lproj/Main.storyboard; sourceTree = "<group>"; };
		229C04E619B8A2E900F7E315 /* Images.xcassets */ = {isa = PBXFileReference; lastKnownFileType = folder.assetcatalog; path = Images.xcassets; sourceTree = "<group>"; };
		229C04EC19B8A2E900F7E315 /* ConnectionTestTests.xctest */ = {isa = PBXFileReference; explicitFileType = wrapper.cfbundle; includeInIndex = 0; path = ConnectionTestTests.xctest; sourceTree = BUILT_PRODUCTS_DIR; };
		229C04F119B8A2E900F7E315 /* Info.plist */ = {isa = PBXFileReference; lastKnownFileType = text.plist.xml; path = Info.plist; sourceTree = "<group>"; };
		229C04F219B8A2E900F7E315 /* ConnectionTestTests.swift */ = {isa = PBXFileReference; lastKnownFileType = sourcecode.swift; path = ConnectionTestTests.swift; sourceTree = "<group>"; };
		229C04FE19B8A61800F7E315 /* Connection.swift */ = {isa = PBXFileReference; fileEncoding = 4; lastKnownFileType = sourcecode.swift; path = Connection.swift; sourceTree = "<group>"; };
/* End PBXFileReference section */

/* Begin PBXFrameworksBuildPhase section */
		229C04D719B8A2E900F7E315 /* Frameworks */ = {
			isa = PBXFrameworksBuildPhase;
			buildActionMask = 2147483647;
			files = (
			);
			runOnlyForDeploymentPostprocessing = 0;
		};
		229C04E919B8A2E900F7E315 /* Frameworks */ = {
			isa = PBXFrameworksBuildPhase;
			buildActionMask = 2147483647;
			files = (
			);
			runOnlyForDeploymentPostprocessing = 0;
		};
/* End PBXFrameworksBuildPhase section */

/* Begin PBXGroup section */
		229C04D119B8A2E900F7E315 = {
			isa = PBXGroup;
			children = (
				229C04DC19B8A2E900F7E315 /* ConnectionTest */,
				229C04EF19B8A2E900F7E315 /* ConnectionTestTests */,
				229C04DB19B8A2E900F7E315 /* Products */,
			);
			sourceTree = "<group>";
		};
		229C04DB19B8A2E900F7E315 /* Products */ = {
			isa = PBXGroup;
			children = (
				229C04DA19B8A2E900F7E315 /* ConnectionTest.app */,
				229C04EC19B8A2E900F7E315 /* ConnectionTestTests.xctest */,
			);
			name = Products;
			sourceTree = "<group>";
		};
		229C04DC19B8A2E900F7E315 /* ConnectionTest */ = {
			isa = PBXGroup;
			children = (
				229C04DF19B8A2E900F7E315 /* AppDelegate.swift */,
				229C04E119B8A2E900F7E315 /* ViewController.swift */,
				229C04FE19B8A61800F7E315 /* Connection.swift */,
				229C04E319B8A2E900F7E315 /* Main.storyboard */,
				229C04E619B8A2E900F7E315 /* Images.xcassets */,
				229C04DD19B8A2E900F7E315 /* Supporting Files */,
			);
			path = ConnectionTest;
			sourceTree = "<group>";
		};
		229C04DD19B8A2E900F7E315 /* Supporting Files */ = {
			isa = PBXGroup;
			children = (
				229C04DE19B8A2E900F7E315 /* Info.plist */,
			);
			name = "Supporting Files";
			sourceTree = "<group>";
		};
		229C04EF19B8A2E900F7E315 /* ConnectionTestTests */ = {
			isa = PBXGroup;
			children = (
				229C04F219B8A2E900F7E315 /* ConnectionTestTests.swift */,
				229C04F019B8A2E900F7E315 /* Supporting Files */,
			);
			path = ConnectionTestTests;
			sourceTree = "<group>";
		};
		229C04F019B8A2E900F7E315 /* Supporting Files */ = {
			isa = PBXGroup;
			children = (
				229C04F119B8A2E900F7E315 /* Info.plist */,
			);
			name = "Supporting Files";
			sourceTree = "<group>";
		};
/* End PBXGroup section */

/* Begin PBXNativeTarget section */
		229C04D919B8A2E900F7E315 /* ConnectionTest */ = {
			isa = PBXNativeTarget;
			buildConfigurationList = 229C04F619B8A2E900F7E315 /* Build configuration list for PBXNativeTarget "ConnectionTest" */;
			buildPhases = (
				229C04D619B8A2E900F7E315 /* Sources */,
				229C04D719B8A2E900F7E315 /* Frameworks */,
				229C04D819B8A2E900F7E315 /* Resources */,
			);
			buildRules = (
			);
			dependencies = (
			);
			name = ConnectionTest;
			productName = ConnectionTest;
			productReference = 229C04DA19B8A2E900F7E315 /* ConnectionTest.app */;
			productType = "com.apple.product-type.application";
		};
		229C04EB19B8A2E900F7E315 /* ConnectionTestTests */ = {
			isa = PBXNativeTarget;
			buildConfigurationList = 229C04F919B8A2E900F7E315 /* Build configuration list for PBXNativeTarget "ConnectionTestTests" */;
			buildPhases = (
				229C04E819B8A2E900F7E315 /* Sources */,
				229C04E919B8A2E900F7E315 /* Frameworks */,
				229C04EA19B8A2E900F7E315 /* Resources */,
			);
			buildRules = (
			);
			dependencies = (
				229C04EE19B8A2E900F7E315 /* PBXTargetDependency */,
			);
			name = ConnectionTestTests;
			productName = ConnectionTestTests;
			productReference = 229C04EC19B8A2E900F7E315 /* ConnectionTestTests.xctest */;
			productType = "com.apple.product-type.bundle.unit-test";
		};
/* End PBXNativeTarget section */

/* Begin PBXProject section */
		229C04D219B8A2E900F7E315 /* Project object */ = {
			isa = PBXProject;
			attributes = {
				LastUpgradeCheck = 0600;
				ORGANIZATIONNAME = "佐々木 健";
				TargetAttributes = {
					229C04D919B8A2E900F7E315 = {
						CreatedOnToolsVersion = 6.0;
					};
					229C04EB19B8A2E900F7E315 = {
						CreatedOnToolsVersion = 6.0;
						TestTargetID = 229C04D919B8A2E900F7E315;
					};
				};
			};
			buildConfigurationList = 229C04D519B8A2E900F7E315 /* Build configuration list for PBXProject "ConnectionTest" */;
			compatibilityVersion = "Xcode 3.2";
			developmentRegion = English;
			hasScannedForEncodings = 0;
			knownRegions = (
				en,
				Base,
			);
			mainGroup = 229C04D119B8A2E900F7E315;
			productRefGroup = 229C04DB19B8A2E900F7E315 /* Products */;
			projectDirPath = "";
			projectRoot = "";
			targets = (
				229C04D919B8A2E900F7E315 /* ConnectionTest */,
				229C04EB19B8A2E900F7E315 /* ConnectionTestTests */,
			);
		};
/* End PBXProject section */

/* Begin PBXResourcesBuildPhase section */
		229C04D819B8A2E900F7E315 /* Resources */ = {
			isa = PBXResourcesBuildPhase;
			buildActionMask = 2147483647;
			files = (
				229C04E519B8A2E900F7E315 /* Main.storyboard in Resources */,
				229C04E719B8A2E900F7E315 /* Images.xcassets in Resources */,
			);
			runOnlyForDeploymentPostprocessing = 0;
		};
		229C04EA19B8A2E900F7E315 /* Resources */ = {
			isa = PBXResourcesBuildPhase;
			buildActionMask = 2147483647;
			files = (
			);
			runOnlyForDeploymentPostprocessing = 0;
		};
/* End PBXResourcesBuildPhase section */

/* Begin PBXSourcesBuildPhase section */
		229C04D619B8A2E900F7E315 /* Sources */ = {
			isa = PBXSourcesBuildPhase;
			buildActionMask = 2147483647;
			files = (
				229C04E219B8A2E900F7E315 /* ViewController.swift in Sources */,
				229C04FF19B8A61800F7E315 /* Connection.swift in Sources */,
				229C04E019B8A2E900F7E315 /* AppDelegate.swift in Sources */,
			);
			runOnlyForDeploymentPostprocessing = 0;
		};
		229C04E819B8A2E900F7E315 /* Sources */ = {
			isa = PBXSourcesBuildPhase;
			buildActionMask = 2147483647;
			files = (
				229C04F319B8A2E900F7E315 /* ConnectionTestTests.swift in Sources */,
			);
			runOnlyForDeploymentPostprocessing = 0;
		};
/* End PBXSourcesBuildPhase section */

/* Begin PBXTargetDependency section */
		229C04EE19B8A2E900F7E315 /* PBXTargetDependency */ = {
			isa = PBXTargetDependency;
			target = 229C04D919B8A2E900F7E315 /* ConnectionTest */;
			targetProxy = 229C04ED19B8A2E900F7E315 /* PBXContainerItemProxy */;
		};
/* End PBXTargetDependency section */

/* Begin PBXVariantGroup section */
		229C04E319B8A2E900F7E315 /* Main.storyboard */ = {
			isa = PBXVariantGroup;
			children = (
				229C04E419B8A2E900F7E315 /* Base */,
			);
			name = Main.storyboard;
			sourceTree = "<group>";
		};
/* End PBXVariantGroup section */

/* Begin XCBuildConfiguration section */
		229C04F419B8A2E900F7E315 /* Debug */ = {
			isa = XCBuildConfiguration;
			buildSettings = {
				ALWAYS_SEARCH_USER_PATHS = NO;
				CLANG_CXX_LANGUAGE_STANDARD = "gnu++0x";
				CLANG_CXX_LIBRARY = "libc++";
				CLANG_ENABLE_MODULES = YES;
				CLANG_ENABLE_OBJC_ARC = YES;
				CLANG_WARN_BOOL_CONVERSION = YES;
				CLANG_WARN_CONSTANT_CONVERSION = YES;
				CLANG_WARN_DIRECT_OBJC_ISA_USAGE = YES_ERROR;
				CLANG_WARN_EMPTY_BODY = YES;
				CLANG_WARN_ENUM_CONVERSION = YES;
				CLANG_WARN_INT_CONVERSION = YES;
				CLANG_WARN_OBJC_ROOT_CLASS = YES_ERROR;
				CLANG_WARN_UNREACHABLE_CODE = YES;
				CLANG_WARN__DUPLICATE_METHOD_MATCH = YES;
				"CODE_SIGN_IDENTITY[sdk=iphoneos*]" = "iPhone Developer";
				COPY_PHASE_STRIP = NO;
				ENABLE_STRICT_OBJC_MSGSEND = YES;
				GCC_C_LANGUAGE_STANDARD = gnu99;
				GCC_DYNAMIC_NO_PIC = NO;
				GCC_OPTIMIZATION_LEVEL = 0;
				GCC_PREPROCESSOR_DEFINITIONS = (
					"DEBUG=1",
					"$(inherited)",
				);
				GCC_SYMBOLS_PRIVATE_EXTERN = NO;
				GCC_WARN_64_TO_32_BIT_CONVERSION = YES;
				GCC_WARN_ABOUT_RETURN_TYPE = YES_ERROR;
				GCC_WARN_UNDECLARED_SELECTOR = YES;
				GCC_WARN_UNINITIALIZED_AUTOS = YES_AGGRESSIVE;
				GCC_WARN_UNUSED_FUNCTION = YES;
				GCC_WARN_UNUSED_VARIABLE = YES;
				IPHONEOS_DEPLOYMENT_TARGET = 8.0;
				MTL_ENABLE_DEBUG_INFO = YES;
				ONLY_ACTIVE_ARCH = YES;
				SDKROOT = iphoneos;
				SWIFT_OPTIMIZATION_LEVEL = "-Onone";
			};
			name = Debug;
		};
		229C04F519B8A2E900F7E315 /* Release */ = {
			isa = XCBuildConfiguration;
			buildSettings = {
				ALWAYS_SEARCH_USER_PATHS = NO;
				CLANG_CXX_LANGUAGE_STANDARD = "gnu++0x";
				CLANG_CXX_LIBRARY = "libc++";
				CLANG_ENABLE_MODULES = YES;
				CLANG_ENABLE_OBJC_ARC = YES;
				CLANG_WARN_BOOL_CONVERSION = YES;
				CLANG_WARN_CONSTANT_CONVERSION = YES;
				CLANG_WARN_DIRECT_OBJC_ISA_USAGE = YES_ERROR;
				CLANG_WARN_EMPTY_BODY = YES;
				CLANG_WARN_ENUM_CONVERSION = YES;
				CLANG_WARN_INT_CONVERSION = YES;
				CLANG_WARN_OBJC_ROOT_CLASS = YES_ERROR;
				CLANG_WARN_UNREACHABLE_CODE = YES;
				CLANG_WARN__DUPLICATE_METHOD_MATCH = YES;
				"CODE_SIGN_IDENTITY[sdk=iphoneos*]" = "iPhone Developer";
				COPY_PHASE_STRIP = YES;
				ENABLE_NS_ASSERTIONS = NO;
				ENABLE_STRICT_OBJC_MSGSEND = YES;
				GCC_C_LANGUAGE_STANDARD = gnu99;
				GCC_WARN_64_TO_32_BIT_CONVERSION = YES;
				GCC_WARN_ABOUT_RETURN_TYPE = YES_ERROR;
				GCC_WARN_UNDECLARED_SELECTOR = YES;
				GCC_WARN_UNINITIALIZED_AUTOS = YES_AGGRESSIVE;
				GCC_WARN_UNUSED_FUNCTION = YES;
				GCC_WARN_UNUSED_VARIABLE = YES;
				IPHONEOS_DEPLOYMENT_TARGET = 8.0;
				MTL_ENABLE_DEBUG_INFO = NO;
				SDKROOT = iphoneos;
				VALIDATE_PRODUCT = YES;
			};
			name = Release;
		};
		229C04F719B8A2E900F7E315 /* Debug */ = {
			isa = XCBuildConfiguration;
			buildSettings = {
				ASSETCATALOG_COMPILER_APPICON_NAME = AppIcon;
				ASSETCATALOG_COMPILER_LAUNCHIMAGE_NAME = LaunchImage;
				INFOPLIST_FILE = ConnectionTest/Info.plist;
				LD_RUNPATH_SEARCH_PATHS = "$(inherited) @executable_path/Frameworks";
				PRODUCT_NAME = "$(TARGET_NAME)";
			};
			name = Debug;
		};
		229C04F819B8A2E900F7E315 /* Release */ = {
			isa = XCBuildConfiguration;
			buildSettings = {
				ASSETCATALOG_COMPILER_APPICON_NAME = AppIcon;
				ASSETCATALOG_COMPILER_LAUNCHIMAGE_NAME = LaunchImage;
				INFOPLIST_FILE = ConnectionTest/Info.plist;
				LD_RUNPATH_SEARCH_PATHS = "$(inherited) @executable_path/Frameworks";
				PRODUCT_NAME = "$(TARGET_NAME)";
			};
			name = Release;
		};
		229C04FA19B8A2E900F7E315 /* Debug */ = {
			isa = XCBuildConfiguration;
			buildSettings = {
				BUNDLE_LOADER = "$(TEST_HOST)";
				FRAMEWORK_SEARCH_PATHS = (
					"$(SDKROOT)/Developer/Library/Frameworks",
					"$(inherited)",
				);
				GCC_PREPROCESSOR_DEFINITIONS = (
					"DEBUG=1",
					"$(inherited)",
				);
				INFOPLIST_FILE = ConnectionTestTests/Info.plist;
				LD_RUNPATH_SEARCH_PATHS = "$(inherited) @executable_path/Frameworks @loader_path/Frameworks";
				PRODUCT_NAME = "$(TARGET_NAME)";
				TEST_HOST = "$(BUILT_PRODUCTS_DIR)/ConnectionTest.app/ConnectionTest";
			};
			name = Debug;
		};
		229C04FB19B8A2E900F7E315 /* Release */ = {
			isa = XCBuildConfiguration;
			buildSettings = {
				BUNDLE_LOADER = "$(TEST_HOST)";
				FRAMEWORK_SEARCH_PATHS = (
					"$(SDKROOT)/Developer/Library/Frameworks",
					"$(inherited)",
				);
				INFOPLIST_FILE = ConnectionTestTests/Info.plist;
				LD_RUNPATH_SEARCH_PATHS = "$(inherited) @executable_path/Frameworks @loader_path/Frameworks";
				PRODUCT_NAME = "$(TARGET_NAME)";
				TEST_HOST = "$(BUILT_PRODUCTS_DIR)/ConnectionTest.app/ConnectionTest";
			};
			name = Release;
		};
/* End XCBuildConfiguration section */

/* Begin XCConfigurationList section */
		229C04D519B8A2E900F7E315 /* Build configuration list for PBXProject "ConnectionTest" */ = {
			isa = XCConfigurationList;
			buildConfigurations = (
				229C04F419B8A2E900F7E315 /* Debug */,
				229C04F519B8A2E900F7E315 /* Release */,
			);
			defaultConfigurationIsVisible = 0;
			defaultConfigurationName = Release;
		};
		229C04F619B8A2E900F7E315 /* Build configuration list for PBXNativeTarget "ConnectionTest" */ = {
			isa = XCConfigurationList;
			buildConfigurations = (
				229C04F719B8A2E900F7E315 /* Debug */,
				229C04F819B8A2E900F7E315 /* Release */,
			);
			defaultConfigurationIsVisible = 0;
		};
		229C04F919B8A2E900F7E315 /* Build configuration list for PBXNativeTarget "ConnectionTestTests" */ = {
			isa = XCConfigurationList;
			buildConfigurations = (
				229C04FA19B8A2E900F7E315 /* Debug */,
				229C04FB19B8A2E900F7E315 /* Release */,
			);
			defaultConfigurationIsVisible = 0;
		};
/* End XCConfigurationList section */
	};
	rootObject = 229C04D219B8A2E900F7E315 /* Project object */;
}
